
Microsoft Visual Studio Solution File, Format Version 12.00
# Visual Studio 15
VisualStudioVersion = 15.0.28010.2041
MinimumVisualStudioVersion = 10.0.40219.1
Project("{FAE04EC0-301F-11D3-BF4B-00C04F79EFBC}") = "DS_P1.2", "DS_P1.2\DS_P1.2.csproj", "{2EC0BE1F-90D1-40A5-961B-5F9C0B6273E1}"
EndProject
Global
	GlobalSection(SolutionConfigurationPlatforms) = preSolution
		Debug|Any CPU = Debug|Any CPU
		Release|Any CPU = Release|Any CPU
	EndGlobalSection
	GlobalSection(ProjectConfigurationPlatforms) = postSolution
		{2EC0BE1F-90D1-40A5-961B-5F9C0B6273E1}.Debug|Any CPU.ActiveCfg = Debug|Any CPU
		{2EC0BE1F-90D1-40A5-961B-5F9C0B6273E1}.Debug|Any CPU.Build.0 = Debug|Any CPU
		{2EC0BE1F-90D1-40A5-961B-5F9C0B6273E1}.Release|Any CPU.ActiveCfg = Release|Any CPU
		{2EC0BE1F-90D1-40A5-961B-5F9C0B6273E1}.Release|Any CPU.Build.0 = Release|Any CPU
	EndGlobalSection
	GlobalSection(SolutionProperties) = preSolution
		HideSolutionNode = FALSE
	EndGlobalSection
	GlobalSection(ExtensibilityGlobals) = postSolution
		SolutionGuid = {18F5C7B3-1752-4D01-BD0F-FF7C5F9C849E}
	EndGlobalSection
EndGlobal
